
Microsoft Visual Studio Solution File, Format Version 12.00
# Visual Studio Version 16
VisualStudioVersion = 16.0.30218.14
MinimumVisualStudioVersion = 10.0.40219.1
Project("{9A19103F-16F7-4668-BE54-9A1E7A4F7556}") = "GenPackageIndex", "GenPackageIndex\GenPackageIndex.csproj", "{093D1E33-A357-4231-8C81-98CF4E4493F9}"
EndProject
Project("{9A19103F-16F7-4668-BE54-9A1E7A4F7556}") = "GenIndex", "GenIndex\GenIndex.csproj", "{67B98544-7BD4-42B0-B89F-DDD529785A0F}"
EndProject
Project("{9A19103F-16F7-4668-BE54-9A1E7A4F7556}") = "ApiCatalog", "ApiCatalog\ApiCatalog.csproj", "{DCBC4D4C-0855-4E5C-ABBB-0BB9C83451BD}"
EndProject
Project("{9A19103F-16F7-4668-BE54-9A1E7A4F7556}") = "ApiCatalogWeb", "ApiCatalogWeb\ApiCatalogWeb.csproj", "{68575F1D-8460-4B96-8AF7-AB7D14E53F37}"
EndProject
Project("{2150E333-8FDC-42A3-9474-1A3956D46DE8}") = "Solution Items", "Solution Items", "{38C2089B-4BBE-4D1E-B307-A8908624F896}"
	ProjectSection(SolutionItems) = preProject
		README.md = README.md
	EndProjectSection
EndProject
Global
	GlobalSection(SolutionConfigurationPlatforms) = preSolution
		Debug|Any CPU = Debug|Any CPU
		Release|Any CPU = Release|Any CPU
	EndGlobalSection
	GlobalSection(ProjectConfigurationPlatforms) = postSolution
		{093D1E33-A357-4231-8C81-98CF4E4493F9}.Debug|Any CPU.ActiveCfg = Debug|Any CPU
		{093D1E33-A357-4231-8C81-98CF4E4493F9}.Debug|Any CPU.Build.0 = Debug|Any CPU
		{093D1E33-A357-4231-8C81-98CF4E4493F9}.Release|Any CPU.ActiveCfg = Release|Any CPU
		{093D1E33-A357-4231-8C81-98CF4E4493F9}.Release|Any CPU.Build.0 = Release|Any CPU
		{67B98544-7BD4-42B0-B89F-DDD529785A0F}.Debug|Any CPU.ActiveCfg = Debug|Any CPU
		{67B98544-7BD4-42B0-B89F-DDD529785A0F}.Debug|Any CPU.Build.0 = Debug|Any CPU
		{67B98544-7BD4-42B0-B89F-DDD529785A0F}.Release|Any CPU.ActiveCfg = Release|Any CPU
		{67B98544-7BD4-42B0-B89F-DDD529785A0F}.Release|Any CPU.Build.0 = Release|Any CPU
		{DCBC4D4C-0855-4E5C-ABBB-0BB9C83451BD}.Debug|Any CPU.ActiveCfg = Debug|Any CPU
		{DCBC4D4C-0855-4E5C-ABBB-0BB9C83451BD}.Debug|Any CPU.Build.0 = Debug|Any CPU
		{DCBC4D4C-0855-4E5C-ABBB-0BB9C83451BD}.Release|Any CPU.ActiveCfg = Release|Any CPU
		{DCBC4D4C-0855-4E5C-ABBB-0BB9C83451BD}.Release|Any CPU.Build.0 = Release|Any CPU
		{68575F1D-8460-4B96-8AF7-AB7D14E53F37}.Debug|Any CPU.ActiveCfg = Debug|Any CPU
		{68575F1D-8460-4B96-8AF7-AB7D14E53F37}.Debug|Any CPU.Build.0 = Debug|Any CPU
		{68575F1D-8460-4B96-8AF7-AB7D14E53F37}.Release|Any CPU.ActiveCfg = Release|Any CPU
		{68575F1D-8460-4B96-8AF7-AB7D14E53F37}.Release|Any CPU.Build.0 = Release|Any CPU
	EndGlobalSection
	GlobalSection(SolutionProperties) = preSolution
		HideSolutionNode = FALSE
	EndGlobalSection
	GlobalSection(ExtensibilityGlobals) = postSolution
		SolutionGuid = {783D29FC-8D97-475C-888B-58612E786910}
	EndGlobalSection
EndGlobal
