
Microsoft Visual Studio Solution File, Format Version 12.00
# Visual Studio Version 17
VisualStudioVersion = 17.0.31801.437
MinimumVisualStudioVersion = 10.0.40219.1
Project("{9A19103F-16F7-4668-BE54-9A1E7A4F7556}") = "GenCatalog", "GenCatalog\GenCatalog.csproj", "{67B98544-7BD4-42B0-B89F-DDD529785A0F}"
EndProject
Project("{9A19103F-16F7-4668-BE54-9A1E7A4F7556}") = "Terrajobst.ApiCatalog", "Terrajobst.ApiCatalog\Terrajobst.ApiCatalog.csproj", "{DCBC4D4C-0855-4E5C-ABBB-0BB9C83451BD}"
EndProject
Project("{9A19103F-16F7-4668-BE54-9A1E7A4F7556}") = "apisof.net", "apisof.net\apisof.net.csproj", "{68575F1D-8460-4B96-8AF7-AB7D14E53F37}"
EndProject
Project("{9A19103F-16F7-4668-BE54-9A1E7A4F7556}") = "GenUsage", "GenUsage\GenUsage.csproj", "{DFFB1C73-5933-4DEF-AF5F-808880609E97}"
EndProject
Project("{9A19103F-16F7-4668-BE54-9A1E7A4F7556}") = "Terrajobst.UsageCrawling", "Terrajobst.UsageCrawling\Terrajobst.UsageCrawling.csproj", "{2BE290EA-35F6-472D-91D8-4286D504ADE6}"
EndProject
Project("{9A19103F-16F7-4668-BE54-9A1E7A4F7556}") = "Terrajobst.UsageCrawling.Tests", "Terrajobst.UsageCrawling.Tests\Terrajobst.UsageCrawling.Tests.csproj", "{82E2D087-374B-4AC7-8337-C3A0B85905E6}"
EndProject
Project("{FAE04EC0-301F-11D3-BF4B-00C04F79EFBC}") = "apisofdotnet", "apisofdotnet\apisofdotnet.csproj", "{F620DDA9-9E80-48E8-9714-BE39D48CC04C}"
EndProject
Global
	GlobalSection(SolutionConfigurationPlatforms) = preSolution
		Debug|Any CPU = Debug|Any CPU
		Release|Any CPU = Release|Any CPU
	EndGlobalSection
	GlobalSection(ProjectConfigurationPlatforms) = postSolution
		{67B98544-7BD4-42B0-B89F-DDD529785A0F}.Debug|Any CPU.ActiveCfg = Debug|Any CPU
		{67B98544-7BD4-42B0-B89F-DDD529785A0F}.Debug|Any CPU.Build.0 = Debug|Any CPU
		{67B98544-7BD4-42B0-B89F-DDD529785A0F}.Release|Any CPU.ActiveCfg = Release|Any CPU
		{67B98544-7BD4-42B0-B89F-DDD529785A0F}.Release|Any CPU.Build.0 = Release|Any CPU
		{DCBC4D4C-0855-4E5C-ABBB-0BB9C83451BD}.Debug|Any CPU.ActiveCfg = Debug|Any CPU
		{DCBC4D4C-0855-4E5C-ABBB-0BB9C83451BD}.Debug|Any CPU.Build.0 = Debug|Any CPU
		{DCBC4D4C-0855-4E5C-ABBB-0BB9C83451BD}.Release|Any CPU.ActiveCfg = Release|Any CPU
		{DCBC4D4C-0855-4E5C-ABBB-0BB9C83451BD}.Release|Any CPU.Build.0 = Release|Any CPU
		{68575F1D-8460-4B96-8AF7-AB7D14E53F37}.Debug|Any CPU.ActiveCfg = Debug|Any CPU
		{68575F1D-8460-4B96-8AF7-AB7D14E53F37}.Debug|Any CPU.Build.0 = Debug|Any CPU
		{68575F1D-8460-4B96-8AF7-AB7D14E53F37}.Release|Any CPU.ActiveCfg = Release|Any CPU
		{68575F1D-8460-4B96-8AF7-AB7D14E53F37}.Release|Any CPU.Build.0 = Release|Any CPU
		{DFFB1C73-5933-4DEF-AF5F-808880609E97}.Debug|Any CPU.ActiveCfg = Debug|Any CPU
		{DFFB1C73-5933-4DEF-AF5F-808880609E97}.Debug|Any CPU.Build.0 = Debug|Any CPU
		{DFFB1C73-5933-4DEF-AF5F-808880609E97}.Release|Any CPU.ActiveCfg = Release|Any CPU
		{DFFB1C73-5933-4DEF-AF5F-808880609E97}.Release|Any CPU.Build.0 = Release|Any CPU
		{2BE290EA-35F6-472D-91D8-4286D504ADE6}.Debug|Any CPU.ActiveCfg = Debug|Any CPU
		{2BE290EA-35F6-472D-91D8-4286D504ADE6}.Debug|Any CPU.Build.0 = Debug|Any CPU
		{2BE290EA-35F6-472D-91D8-4286D504ADE6}.Release|Any CPU.ActiveCfg = Release|Any CPU
		{2BE290EA-35F6-472D-91D8-4286D504ADE6}.Release|Any CPU.Build.0 = Release|Any CPU
		{82E2D087-374B-4AC7-8337-C3A0B85905E6}.Debug|Any CPU.ActiveCfg = Debug|Any CPU
		{82E2D087-374B-4AC7-8337-C3A0B85905E6}.Debug|Any CPU.Build.0 = Debug|Any CPU
		{82E2D087-374B-4AC7-8337-C3A0B85905E6}.Release|Any CPU.ActiveCfg = Release|Any CPU
		{82E2D087-374B-4AC7-8337-C3A0B85905E6}.Release|Any CPU.Build.0 = Release|Any CPU
		{F620DDA9-9E80-48E8-9714-BE39D48CC04C}.Debug|Any CPU.ActiveCfg = Debug|Any CPU
		{F620DDA9-9E80-48E8-9714-BE39D48CC04C}.Debug|Any CPU.Build.0 = Debug|Any CPU
		{F620DDA9-9E80-48E8-9714-BE39D48CC04C}.Release|Any CPU.ActiveCfg = Release|Any CPU
		{F620DDA9-9E80-48E8-9714-BE39D48CC04C}.Release|Any CPU.Build.0 = Release|Any CPU
	EndGlobalSection
	GlobalSection(SolutionProperties) = preSolution
		HideSolutionNode = FALSE
	EndGlobalSection
	GlobalSection(ExtensibilityGlobals) = postSolution
		SolutionGuid = {783D29FC-8D97-475C-888B-58612E786910}
	EndGlobalSection
EndGlobal
