
Microsoft Visual Studio Solution File, Format Version 12.00
# Visual Studio Version 17
VisualStudioVersion = 17.0.31801.437
MinimumVisualStudioVersion = 10.0.40219.1
Project("{9A19103F-16F7-4668-BE54-9A1E7A4F7556}") = "GenCatalog", "GenCatalog\GenCatalog.csproj", "{67B98544-7BD4-42B0-B89F-DDD529785A0F}"
EndProject
Project("{9A19103F-16F7-4668-BE54-9A1E7A4F7556}") = "Terrajobst.ApiCatalog", "Terrajobst.ApiCatalog\Terrajobst.ApiCatalog.csproj", "{DCBC4D4C-0855-4E5C-ABBB-0BB9C83451BD}"
EndProject
Project("{9A19103F-16F7-4668-BE54-9A1E7A4F7556}") = "apisof.net", "apisof.net\apisof.net.csproj", "{68575F1D-8460-4B96-8AF7-AB7D14E53F37}"
EndProject
Project("{9A19103F-16F7-4668-BE54-9A1E7A4F7556}") = "GenUsageNuGet", "GenUsageNuGet\GenUsageNuGet.csproj", "{DFFB1C73-5933-4DEF-AF5F-808880609E97}"
EndProject
Project("{9A19103F-16F7-4668-BE54-9A1E7A4F7556}") = "Terrajobst.UsageCrawling", "Terrajobst.UsageCrawling\Terrajobst.UsageCrawling.csproj", "{2BE290EA-35F6-472D-91D8-4286D504ADE6}"
EndProject
Project("{9A19103F-16F7-4668-BE54-9A1E7A4F7556}") = "Terrajobst.UsageCrawling.Tests", "Terrajobst.UsageCrawling.Tests\Terrajobst.UsageCrawling.Tests.csproj", "{82E2D087-374B-4AC7-8337-C3A0B85905E6}"
EndProject
Project("{FAE04EC0-301F-11D3-BF4B-00C04F79EFBC}") = "apisofdotnet", "apisofdotnet\apisofdotnet.csproj", "{F620DDA9-9E80-48E8-9714-BE39D48CC04C}"
EndProject
Project("{FAE04EC0-301F-11D3-BF4B-00C04F79EFBC}") = "Terrajobst.ApiCatalog.Tests", "Terrajobst.ApiCatalog.Tests\Terrajobst.ApiCatalog.Tests.csproj", "{BB19E5F5-E7C0-49F7-A167-1C552FBE48BD}"
EndProject
Project("{9A19103F-16F7-4668-BE54-9A1E7A4F7556}") = "NetUpgradePlanner", "NetUpgradePlanner\NetUpgradePlanner.csproj", "{1BD72F4A-A2DA-4118-8426-AFDB9AA7131F}"
EndProject
Project("{FAE04EC0-301F-11D3-BF4B-00C04F79EFBC}") = "GenUsagePlanner", "GenUsagePlanner\GenUsagePlanner.csproj", "{EDB9C068-C136-4C34-809F-313D4F8D71B7}"
EndProject
Project("{9A19103F-16F7-4668-BE54-9A1E7A4F7556}") = "GenerateMissingNetFxFeaturesReport", "GenerateMissingNetFxFeaturesReport\GenerateMissingNetFxFeaturesReport.csproj", "{B2AF2985-1666-4388-BC4F-F50BF280BA16}"
EndProject
Project("{FAE04EC0-301F-11D3-BF4B-00C04F79EFBC}") = "NetUpgradePlannerTelemetry", "NetUpgradePlannerTelemetry\NetUpgradePlannerTelemetry.csproj", "{15CA1AF5-E8AA-4923-847F-75E12E5BBB15}"
EndProject
Project("{FAE04EC0-301F-11D3-BF4B-00C04F79EFBC}") = "Terrajobst.NetUpgradePlanner", "Terrajobst.NetUpgradePlanner\Terrajobst.NetUpgradePlanner.csproj", "{79AD0F8D-72C1-44C2-A21D-779BDD5B7483}"
EndProject
Project("{FAE04EC0-301F-11D3-BF4B-00C04F79EFBC}") = "Terrajobst.NetUpgradePlanner.Excel", "Terrajobst.NetUpgradePlanner.Excel\Terrajobst.NetUpgradePlanner.Excel.csproj", "{EC6D9959-842C-4810-BD66-176ECD820273}"
EndProject
Project("{FAE04EC0-301F-11D3-BF4B-00C04F79EFBC}") = "DumpPacks", "DumpPacks\DumpPacks.csproj", "{49A3347C-1D94-4AB4-B7A7-FC645A139573}"
EndProject
Global
	GlobalSection(SolutionConfigurationPlatforms) = preSolution
		Debug|Any CPU = Debug|Any CPU
		Release|Any CPU = Release|Any CPU
	EndGlobalSection
	GlobalSection(ProjectConfigurationPlatforms) = postSolution
		{67B98544-7BD4-42B0-B89F-DDD529785A0F}.Debug|Any CPU.ActiveCfg = Debug|Any CPU
		{67B98544-7BD4-42B0-B89F-DDD529785A0F}.Debug|Any CPU.Build.0 = Debug|Any CPU
		{67B98544-7BD4-42B0-B89F-DDD529785A0F}.Release|Any CPU.ActiveCfg = Release|Any CPU
		{67B98544-7BD4-42B0-B89F-DDD529785A0F}.Release|Any CPU.Build.0 = Release|Any CPU
		{DCBC4D4C-0855-4E5C-ABBB-0BB9C83451BD}.Debug|Any CPU.ActiveCfg = Debug|Any CPU
		{DCBC4D4C-0855-4E5C-ABBB-0BB9C83451BD}.Debug|Any CPU.Build.0 = Debug|Any CPU
		{DCBC4D4C-0855-4E5C-ABBB-0BB9C83451BD}.Release|Any CPU.ActiveCfg = Release|Any CPU
		{DCBC4D4C-0855-4E5C-ABBB-0BB9C83451BD}.Release|Any CPU.Build.0 = Release|Any CPU
		{68575F1D-8460-4B96-8AF7-AB7D14E53F37}.Debug|Any CPU.ActiveCfg = Debug|Any CPU
		{68575F1D-8460-4B96-8AF7-AB7D14E53F37}.Debug|Any CPU.Build.0 = Debug|Any CPU
		{68575F1D-8460-4B96-8AF7-AB7D14E53F37}.Release|Any CPU.ActiveCfg = Release|Any CPU
		{68575F1D-8460-4B96-8AF7-AB7D14E53F37}.Release|Any CPU.Build.0 = Release|Any CPU
		{DFFB1C73-5933-4DEF-AF5F-808880609E97}.Debug|Any CPU.ActiveCfg = Debug|Any CPU
		{DFFB1C73-5933-4DEF-AF5F-808880609E97}.Debug|Any CPU.Build.0 = Debug|Any CPU
		{DFFB1C73-5933-4DEF-AF5F-808880609E97}.Release|Any CPU.ActiveCfg = Release|Any CPU
		{DFFB1C73-5933-4DEF-AF5F-808880609E97}.Release|Any CPU.Build.0 = Release|Any CPU
		{2BE290EA-35F6-472D-91D8-4286D504ADE6}.Debug|Any CPU.ActiveCfg = Debug|Any CPU
		{2BE290EA-35F6-472D-91D8-4286D504ADE6}.Debug|Any CPU.Build.0 = Debug|Any CPU
		{2BE290EA-35F6-472D-91D8-4286D504ADE6}.Release|Any CPU.ActiveCfg = Release|Any CPU
		{2BE290EA-35F6-472D-91D8-4286D504ADE6}.Release|Any CPU.Build.0 = Release|Any CPU
		{82E2D087-374B-4AC7-8337-C3A0B85905E6}.Debug|Any CPU.ActiveCfg = Debug|Any CPU
		{82E2D087-374B-4AC7-8337-C3A0B85905E6}.Debug|Any CPU.Build.0 = Debug|Any CPU
		{82E2D087-374B-4AC7-8337-C3A0B85905E6}.Release|Any CPU.ActiveCfg = Release|Any CPU
		{82E2D087-374B-4AC7-8337-C3A0B85905E6}.Release|Any CPU.Build.0 = Release|Any CPU
		{F620DDA9-9E80-48E8-9714-BE39D48CC04C}.Debug|Any CPU.ActiveCfg = Debug|Any CPU
		{F620DDA9-9E80-48E8-9714-BE39D48CC04C}.Debug|Any CPU.Build.0 = Debug|Any CPU
		{F620DDA9-9E80-48E8-9714-BE39D48CC04C}.Release|Any CPU.ActiveCfg = Release|Any CPU
		{F620DDA9-9E80-48E8-9714-BE39D48CC04C}.Release|Any CPU.Build.0 = Release|Any CPU
		{BB19E5F5-E7C0-49F7-A167-1C552FBE48BD}.Debug|Any CPU.ActiveCfg = Debug|Any CPU
		{BB19E5F5-E7C0-49F7-A167-1C552FBE48BD}.Debug|Any CPU.Build.0 = Debug|Any CPU
		{BB19E5F5-E7C0-49F7-A167-1C552FBE48BD}.Release|Any CPU.ActiveCfg = Release|Any CPU
		{BB19E5F5-E7C0-49F7-A167-1C552FBE48BD}.Release|Any CPU.Build.0 = Release|Any CPU
		{EDB9C068-C136-4C34-809F-313D4F8D71B7}.Debug|Any CPU.ActiveCfg = Debug|Any CPU
		{EDB9C068-C136-4C34-809F-313D4F8D71B7}.Debug|Any CPU.Build.0 = Debug|Any CPU
		{EDB9C068-C136-4C34-809F-313D4F8D71B7}.Release|Any CPU.ActiveCfg = Release|Any CPU
		{EDB9C068-C136-4C34-809F-313D4F8D71B7}.Release|Any CPU.Build.0 = Release|Any CPU
		{1BD72F4A-A2DA-4118-8426-AFDB9AA7131F}.Debug|Any CPU.ActiveCfg = Debug|Any CPU
		{1BD72F4A-A2DA-4118-8426-AFDB9AA7131F}.Debug|Any CPU.Build.0 = Debug|Any CPU
		{1BD72F4A-A2DA-4118-8426-AFDB9AA7131F}.Release|Any CPU.ActiveCfg = Release|Any CPU
		{1BD72F4A-A2DA-4118-8426-AFDB9AA7131F}.Release|Any CPU.Build.0 = Release|Any CPU
		{B2AF2985-1666-4388-BC4F-F50BF280BA16}.Debug|Any CPU.ActiveCfg = Debug|Any CPU
		{B2AF2985-1666-4388-BC4F-F50BF280BA16}.Debug|Any CPU.Build.0 = Debug|Any CPU
		{B2AF2985-1666-4388-BC4F-F50BF280BA16}.Release|Any CPU.ActiveCfg = Release|Any CPU
		{B2AF2985-1666-4388-BC4F-F50BF280BA16}.Release|Any CPU.Build.0 = Release|Any CPU
		{15CA1AF5-E8AA-4923-847F-75E12E5BBB15}.Debug|Any CPU.ActiveCfg = Debug|Any CPU
		{15CA1AF5-E8AA-4923-847F-75E12E5BBB15}.Debug|Any CPU.Build.0 = Debug|Any CPU
		{15CA1AF5-E8AA-4923-847F-75E12E5BBB15}.Release|Any CPU.ActiveCfg = Release|Any CPU
		{15CA1AF5-E8AA-4923-847F-75E12E5BBB15}.Release|Any CPU.Build.0 = Release|Any CPU
		{79AD0F8D-72C1-44C2-A21D-779BDD5B7483}.Debug|Any CPU.ActiveCfg = Debug|Any CPU
		{79AD0F8D-72C1-44C2-A21D-779BDD5B7483}.Debug|Any CPU.Build.0 = Debug|Any CPU
		{79AD0F8D-72C1-44C2-A21D-779BDD5B7483}.Release|Any CPU.ActiveCfg = Release|Any CPU
		{79AD0F8D-72C1-44C2-A21D-779BDD5B7483}.Release|Any CPU.Build.0 = Release|Any CPU
		{EC6D9959-842C-4810-BD66-176ECD820273}.Debug|Any CPU.ActiveCfg = Debug|Any CPU
		{EC6D9959-842C-4810-BD66-176ECD820273}.Debug|Any CPU.Build.0 = Debug|Any CPU
		{EC6D9959-842C-4810-BD66-176ECD820273}.Release|Any CPU.ActiveCfg = Release|Any CPU
		{EC6D9959-842C-4810-BD66-176ECD820273}.Release|Any CPU.Build.0 = Release|Any CPU
		{49A3347C-1D94-4AB4-B7A7-FC645A139573}.Debug|Any CPU.ActiveCfg = Debug|Any CPU
		{49A3347C-1D94-4AB4-B7A7-FC645A139573}.Debug|Any CPU.Build.0 = Debug|Any CPU
		{49A3347C-1D94-4AB4-B7A7-FC645A139573}.Release|Any CPU.ActiveCfg = Release|Any CPU
		{49A3347C-1D94-4AB4-B7A7-FC645A139573}.Release|Any CPU.Build.0 = Release|Any CPU
	EndGlobalSection
	GlobalSection(SolutionProperties) = preSolution
		HideSolutionNode = FALSE
	EndGlobalSection
	GlobalSection(ExtensibilityGlobals) = postSolution
		SolutionGuid = {783D29FC-8D97-475C-888B-58612E786910}
	EndGlobalSection
EndGlobal
